
Microsoft Visual Studio Solution File, Format Version 12.00
# Visual Studio Version 17
VisualStudioVersion = 17.11.35219.272
MinimumVisualStudioVersion = 10.0.40219.1
Project("{9A19103F-16F7-4668-BE54-9A1E7A4F7556}") = "05_WPF", "05_WPF\05_WPF.csproj", "{E7A2E916-5415-4769-8C13-FECE00332093}"
EndProject
Project("{9A19103F-16F7-4668-BE54-9A1E7A4F7556}") = "06_ASPNET", "06_ASPNET\06_ASPNET.csproj", "{B06F3CCE-2898-4E7E-8625-6197D541A56D}"
EndProject
Global
	GlobalSection(SolutionConfigurationPlatforms) = preSolution
		Debug|Any CPU = Debug|Any CPU
		Release|Any CPU = Release|Any CPU
	EndGlobalSection
	GlobalSection(ProjectConfigurationPlatforms) = postSolution
		{E7A2E916-5415-4769-8C13-FECE00332093}.Debug|Any CPU.ActiveCfg = Debug|Any CPU
		{E7A2E916-5415-4769-8C13-FECE00332093}.Debug|Any CPU.Build.0 = Debug|Any CPU
		{E7A2E916-5415-4769-8C13-FECE00332093}.Release|Any CPU.ActiveCfg = Release|Any CPU
		{E7A2E916-5415-4769-8C13-FECE00332093}.Release|Any CPU.Build.0 = Release|Any CPU
		{B06F3CCE-2898-4E7E-8625-6197D541A56D}.Debug|Any CPU.ActiveCfg = Debug|Any CPU
		{B06F3CCE-2898-4E7E-8625-6197D541A56D}.Debug|Any CPU.Build.0 = Debug|Any CPU
		{B06F3CCE-2898-4E7E-8625-6197D541A56D}.Release|Any CPU.ActiveCfg = Release|Any CPU
		{B06F3CCE-2898-4E7E-8625-6197D541A56D}.Release|Any CPU.Build.0 = Release|Any CPU
	EndGlobalSection
	GlobalSection(SolutionProperties) = preSolution
		HideSolutionNode = FALSE
	EndGlobalSection
	GlobalSection(ExtensibilityGlobals) = postSolution
		SolutionGuid = {BD058096-0E3C-4B93-BCB7-64C55944A66D}
	EndGlobalSection
EndGlobal
